
Microsoft Visual Studio Solution File, Format Version 12.00
# Visual Studio Version 17
VisualStudioVersion = 17.14.36301.6
MinimumVisualStudioVersion = 10.0.40219.1
Project("{FAE04EC0-301F-11D3-BF4B-00C04F79EFBC}") = "GymMateApi", "GymMateApi\GymMateApi.csproj", "{C5B47E6A-9BC2-4766-87EB-8E7FD240AF15}"
EndProject
Project("{FAE04EC0-301F-11D3-BF4B-00C04F79EFBC}") = "GymMateApi.Application", "GymMateApi.Application\GymMateApi.Application.csproj", "{2BC0BB40-591D-4FD8-9722-7F5C74942672}"
EndProject
Project("{FAE04EC0-301F-11D3-BF4B-00C04F79EFBC}") = "GymMateApi.Core", "GymMateApi.Core\GymMateApi.Core.csproj", "{BEA3426F-502A-4B59-A42D-D11521CA49C2}"
EndProject
Project("{FAE04EC0-301F-11D3-BF4B-00C04F79EFBC}") = "GymMateApi.Persistence", "GymMateApi.Persistance\GymMateApi.Persistence.csproj", "{0049F815-B031-4B72-A29E-D4BF8821E99E}"
EndProject
Project("{FAE04EC0-301F-11D3-BF4B-00C04F79EFBC}") = "GymMateApi.Infrastructure", "GymMateApi.Infrastructure\GymMateApi.Infrastructure.csproj", "{B80AF1D1-0461-4C68-89E1-324968BEF367}"
EndProject
Project("{FAE04EC0-301F-11D3-BF4B-00C04F79EFBC}") = "GymMateApi.Tests", "GymMateApi.Tests\GymMateApi.Tests.csproj", "{13CEB2CE-C09D-42C7-B087-6F5D780E9A80}"
EndProject
Project("{2150E333-8FDC-42A3-9474-1A3956D46DE8}") = "services", "services", "{9FA9DF7B-55AD-4DA1-95E2-7B36C105B3A6}"
EndProject
Project("{2150E333-8FDC-42A3-9474-1A3956D46DE8}") = "auth", "auth", "{1D36F766-2D91-4401-AC8F-150310A18E18}"
EndProject
Project("{FAE04EC0-301F-11D3-BF4B-00C04F79EFBC}") = "GymMateApi.AuthService", "GymMateApi.AuthService\GymMateApi.AuthService.csproj", "{EF00070B-63C1-41D1-A6BE-1D3AE8CD9615}"
EndProject
Project("{2150E333-8FDC-42A3-9474-1A3956D46DE8}") = "courses", "courses", "{0E514A2A-0117-46F4-AA5D-9671D1083640}"
EndProject
Project("{FAE04EC0-301F-11D3-BF4B-00C04F79EFBC}") = "GymMateApi.CoursesService", "GymMateApi.CoursesService\GymMateApi.CoursesService.csproj", "{1691C5A3-6285-49A5-A2D8-9B1AA39E1B44}"
EndProject
Project("{2150E333-8FDC-42A3-9474-1A3956D46DE8}") = "trainings", "trainings", "{93BDA8B7-02AF-4BCC-80CD-3C4CCA197A99}"
EndProject
Project("{2150E333-8FDC-42A3-9474-1A3956D46DE8}") = "comments", "comments", "{6AFA9048-4FF7-4496-A34F-52D48FE770EF}"
EndProject
Project("{2150E333-8FDC-42A3-9474-1A3956D46DE8}") = "exercises", "exercises", "{44CB43CE-0B4D-4424-941D-5A7ECB6A413A}"
EndProject
Project("{FAE04EC0-301F-11D3-BF4B-00C04F79EFBC}") = "GymMateApi.CommentsService", "GymMateApi.CommentsService\GymMateApi.CommentsService.csproj", "{3B8265D5-5BBA-4D20-B1DE-BB805AA7A908}"
EndProject
Project("{FAE04EC0-301F-11D3-BF4B-00C04F79EFBC}") = "GymMateApi.ExercisesService", "GymMateApi.ExercisesService\GymMateApi.ExercisesService.csproj", "{88FC503F-EDED-4F2C-BB92-A87240D27B49}"
EndProject
Project("{FAE04EC0-301F-11D3-BF4B-00C04F79EFBC}") = "GymMateApi.TrainingsService", "GymMateApi.TrainingsService\GymMateApi.TrainingsService.csproj", "{2A040C57-1BBB-4450-9DF1-AFEAF5438950}"
EndProject
Global
	GlobalSection(SolutionConfigurationPlatforms) = preSolution
		Debug|Any CPU = Debug|Any CPU
		Release|Any CPU = Release|Any CPU
	EndGlobalSection
	GlobalSection(ProjectConfigurationPlatforms) = postSolution
		{C5B47E6A-9BC2-4766-87EB-8E7FD240AF15}.Debug|Any CPU.ActiveCfg = Debug|Any CPU
		{C5B47E6A-9BC2-4766-87EB-8E7FD240AF15}.Debug|Any CPU.Build.0 = Debug|Any CPU
		{C5B47E6A-9BC2-4766-87EB-8E7FD240AF15}.Release|Any CPU.ActiveCfg = Release|Any CPU
		{C5B47E6A-9BC2-4766-87EB-8E7FD240AF15}.Release|Any CPU.Build.0 = Release|Any CPU
		{2BC0BB40-591D-4FD8-9722-7F5C74942672}.Debug|Any CPU.ActiveCfg = Debug|Any CPU
		{2BC0BB40-591D-4FD8-9722-7F5C74942672}.Debug|Any CPU.Build.0 = Debug|Any CPU
		{2BC0BB40-591D-4FD8-9722-7F5C74942672}.Release|Any CPU.ActiveCfg = Release|Any CPU
		{2BC0BB40-591D-4FD8-9722-7F5C74942672}.Release|Any CPU.Build.0 = Release|Any CPU
		{BEA3426F-502A-4B59-A42D-D11521CA49C2}.Debug|Any CPU.ActiveCfg = Debug|Any CPU
		{BEA3426F-502A-4B59-A42D-D11521CA49C2}.Debug|Any CPU.Build.0 = Debug|Any CPU
		{BEA3426F-502A-4B59-A42D-D11521CA49C2}.Release|Any CPU.ActiveCfg = Release|Any CPU
		{BEA3426F-502A-4B59-A42D-D11521CA49C2}.Release|Any CPU.Build.0 = Release|Any CPU
		{0049F815-B031-4B72-A29E-D4BF8821E99E}.Debug|Any CPU.ActiveCfg = Debug|Any CPU
		{0049F815-B031-4B72-A29E-D4BF8821E99E}.Debug|Any CPU.Build.0 = Debug|Any CPU
		{0049F815-B031-4B72-A29E-D4BF8821E99E}.Release|Any CPU.ActiveCfg = Release|Any CPU
		{0049F815-B031-4B72-A29E-D4BF8821E99E}.Release|Any CPU.Build.0 = Release|Any CPU
		{B80AF1D1-0461-4C68-89E1-324968BEF367}.Debug|Any CPU.ActiveCfg = Debug|Any CPU
		{B80AF1D1-0461-4C68-89E1-324968BEF367}.Debug|Any CPU.Build.0 = Debug|Any CPU
		{B80AF1D1-0461-4C68-89E1-324968BEF367}.Release|Any CPU.ActiveCfg = Release|Any CPU
		{B80AF1D1-0461-4C68-89E1-324968BEF367}.Release|Any CPU.Build.0 = Release|Any CPU
		{13CEB2CE-C09D-42C7-B087-6F5D780E9A80}.Debug|Any CPU.ActiveCfg = Debug|Any CPU
		{13CEB2CE-C09D-42C7-B087-6F5D780E9A80}.Debug|Any CPU.Build.0 = Debug|Any CPU
		{13CEB2CE-C09D-42C7-B087-6F5D780E9A80}.Release|Any CPU.ActiveCfg = Release|Any CPU
		{13CEB2CE-C09D-42C7-B087-6F5D780E9A80}.Release|Any CPU.Build.0 = Release|Any CPU
		{EF00070B-63C1-41D1-A6BE-1D3AE8CD9615}.Debug|Any CPU.ActiveCfg = Debug|Any CPU
		{EF00070B-63C1-41D1-A6BE-1D3AE8CD9615}.Debug|Any CPU.Build.0 = Debug|Any CPU
		{EF00070B-63C1-41D1-A6BE-1D3AE8CD9615}.Release|Any CPU.ActiveCfg = Release|Any CPU
		{EF00070B-63C1-41D1-A6BE-1D3AE8CD9615}.Release|Any CPU.Build.0 = Release|Any CPU
		{1691C5A3-6285-49A5-A2D8-9B1AA39E1B44}.Debug|Any CPU.ActiveCfg = Debug|Any CPU
		{1691C5A3-6285-49A5-A2D8-9B1AA39E1B44}.Debug|Any CPU.Build.0 = Debug|Any CPU
		{1691C5A3-6285-49A5-A2D8-9B1AA39E1B44}.Release|Any CPU.ActiveCfg = Release|Any CPU
		{1691C5A3-6285-49A5-A2D8-9B1AA39E1B44}.Release|Any CPU.Build.0 = Release|Any CPU
		{3B8265D5-5BBA-4D20-B1DE-BB805AA7A908}.Debug|Any CPU.ActiveCfg = Debug|Any CPU
		{3B8265D5-5BBA-4D20-B1DE-BB805AA7A908}.Debug|Any CPU.Build.0 = Debug|Any CPU
		{3B8265D5-5BBA-4D20-B1DE-BB805AA7A908}.Release|Any CPU.ActiveCfg = Release|Any CPU
		{3B8265D5-5BBA-4D20-B1DE-BB805AA7A908}.Release|Any CPU.Build.0 = Release|Any CPU
		{88FC503F-EDED-4F2C-BB92-A87240D27B49}.Debug|Any CPU.ActiveCfg = Debug|Any CPU
		{88FC503F-EDED-4F2C-BB92-A87240D27B49}.Debug|Any CPU.Build.0 = Debug|Any CPU
		{88FC503F-EDED-4F2C-BB92-A87240D27B49}.Release|Any CPU.ActiveCfg = Release|Any CPU
		{88FC503F-EDED-4F2C-BB92-A87240D27B49}.Release|Any CPU.Build.0 = Release|Any CPU
		{2A040C57-1BBB-4450-9DF1-AFEAF5438950}.Debug|Any CPU.ActiveCfg = Debug|Any CPU
		{2A040C57-1BBB-4450-9DF1-AFEAF5438950}.Debug|Any CPU.Build.0 = Debug|Any CPU
		{2A040C57-1BBB-4450-9DF1-AFEAF5438950}.Release|Any CPU.ActiveCfg = Release|Any CPU
		{2A040C57-1BBB-4450-9DF1-AFEAF5438950}.Release|Any CPU.Build.0 = Release|Any CPU
	EndGlobalSection
	GlobalSection(SolutionProperties) = preSolution
		HideSolutionNode = FALSE
	EndGlobalSection
	GlobalSection(ExtensibilityGlobals) = postSolution
		SolutionGuid = {FA027B4F-9517-420B-A5BD-C8DA7551F74B}
	EndGlobalSection
	GlobalSection(NestedProjects) = preSolution
		{1D36F766-2D91-4401-AC8F-150310A18E18} = {9FA9DF7B-55AD-4DA1-95E2-7B36C105B3A6}
		{EF00070B-63C1-41D1-A6BE-1D3AE8CD9615} = {1D36F766-2D91-4401-AC8F-150310A18E18}
		{0E514A2A-0117-46F4-AA5D-9671D1083640} = {9FA9DF7B-55AD-4DA1-95E2-7B36C105B3A6}
		{1691C5A3-6285-49A5-A2D8-9B1AA39E1B44} = {0E514A2A-0117-46F4-AA5D-9671D1083640}
		{93BDA8B7-02AF-4BCC-80CD-3C4CCA197A99} = {9FA9DF7B-55AD-4DA1-95E2-7B36C105B3A6}
		{6AFA9048-4FF7-4496-A34F-52D48FE770EF} = {9FA9DF7B-55AD-4DA1-95E2-7B36C105B3A6}
		{44CB43CE-0B4D-4424-941D-5A7ECB6A413A} = {9FA9DF7B-55AD-4DA1-95E2-7B36C105B3A6}
		{3B8265D5-5BBA-4D20-B1DE-BB805AA7A908} = {6AFA9048-4FF7-4496-A34F-52D48FE770EF}
		{88FC503F-EDED-4F2C-BB92-A87240D27B49} = {44CB43CE-0B4D-4424-941D-5A7ECB6A413A}
		{2A040C57-1BBB-4450-9DF1-AFEAF5438950} = {93BDA8B7-02AF-4BCC-80CD-3C4CCA197A99}
	EndGlobalSection
EndGlobal
